
Microsoft Visual Studio Solution File, Format Version 12.00
# Visual Studio Version 16
VisualStudioVersion = 16.0.28922.388
MinimumVisualStudioVersion = 10.0.40219.1
Project("{FAE04EC0-301F-11D3-BF4B-00C04F79EFBC}") = "SeleniumWebDriverExcercises", "SeleniumWebDriverExcercises\SeleniumWebDriverExcercises.csproj", "{F6E3F946-1B3A-4320-9224-F845880C6BFB}"
EndProject
Global
	GlobalSection(SolutionConfigurationPlatforms) = preSolution
		Debug|Any CPU = Debug|Any CPU
		Release|Any CPU = Release|Any CPU
	EndGlobalSection
	GlobalSection(ProjectConfigurationPlatforms) = postSolution
		{F6E3F946-1B3A-4320-9224-F845880C6BFB}.Debug|Any CPU.ActiveCfg = Debug|Any CPU
		{F6E3F946-1B3A-4320-9224-F845880C6BFB}.Debug|Any CPU.Build.0 = Debug|Any CPU
		{F6E3F946-1B3A-4320-9224-F845880C6BFB}.Release|Any CPU.ActiveCfg = Release|Any CPU
		{F6E3F946-1B3A-4320-9224-F845880C6BFB}.Release|Any CPU.Build.0 = Release|Any CPU
	EndGlobalSection
	GlobalSection(SolutionProperties) = preSolution
		HideSolutionNode = FALSE
	EndGlobalSection
	GlobalSection(ExtensibilityGlobals) = postSolution
		SolutionGuid = {A4882599-D84C-400B-A489-BB13A59F8C78}
	EndGlobalSection
EndGlobal
